// !$*UTF8*$!
{
	archiveVersion = 1;
	classes = {
	};
	objectVersion = 50;
	objects = {

/* Begin PBXBuildFile section */
		28FF157A221FE992002D3C55 /* AppDelegate.m in Sources */ = {isa = PBXBuildFile; fileRef = 28FF1579221FE992002D3C55 /* AppDelegate.m */; };
		28FF157D221FE992002D3C55 /* ViewController.m in Sources */ = {isa = PBXBuildFile; fileRef = 28FF157C221FE992002D3C55 /* ViewController.m */; };
		28FF1580221FE992002D3C55 /* Main.storyboard in Resources */ = {isa = PBXBuildFile; fileRef = 28FF157E221FE992002D3C55 /* Main.storyboard */; };
		28FF1582221FE997002D3C55 /* Assets.xcassets in Resources */ = {isa = PBXBuildFile; fileRef = 28FF1581221FE997002D3C55 /* Assets.xcassets */; };
		28FF1585221FE997002D3C55 /* LaunchScreen.storyboard in Resources */ = {isa = PBXBuildFile; fileRef = 28FF1583221FE997002D3C55 /* LaunchScreen.storyboard */; };
		28FF1588221FE997002D3C55 /* main.m in Sources */ = {isa = PBXBuildFile; fileRef = 28FF1587221FE997002D3C55 /* main.m */; };
		28FF1590221FF91E002D3C55 /* Person.m in Sources */ = {isa = PBXBuildFile; fileRef = 28FF158F221FF91E002D3C55 /* Person.m */; };
/* End PBXBuildFile section */

/* Begin PBXFileReference section */
		28FF1575221FE992002D3C55 /* objc_repetition.app */ = {isa = PBXFileReference; explicitFileType = wrapper.application; includeInIndex = 0; path = objc_repetition.app; sourceTree = BUILT_PRODUCTS_DIR; };
		28FF1578221FE992002D3C55 /* AppDelegate.h */ = {isa = PBXFileReference; lastKnownFileType = sourcecode.c.h; path = AppDelegate.h; sourceTree = "<group>"; };
		28FF1579221FE992002D3C55 /* AppDelegate.m */ = {isa = PBXFileReference; lastKnownFileType = sourcecode.c.objc; path = AppDelegate.m; sourceTree = "<group>"; };
		28FF157B221FE992002D3C55 /* ViewController.h */ = {isa = PBXFileReference; lastKnownFileType = sourcecode.c.h; path = ViewController.h; sourceTree = "<group>"; };
		28FF157C221FE992002D3C55 /* ViewController.m */ = {isa = PBXFileReference; lastKnownFileType = sourcecode.c.objc; path = ViewController.m; sourceTree = "<group>"; };
		28FF157F221FE992002D3C55 /* Base */ = {isa = PBXFileReference; lastKnownFileType = file.storyboard; name = Base; path = Base.lproj/Main.storyboard; sourceTree = "<group>"; };
		28FF1581221FE997002D3C55 /* Assets.xcassets */ = {isa = PBXFileReference; lastKnownFileType = folder.assetcatalog; path = Assets.xcassets; sourceTree = "<group>"; };
		28FF1584221FE997002D3C55 /* Base */ = {isa = PBXFileReference; lastKnownFileType = file.storyboard; name = Base; path = Base.lproj/LaunchScreen.storyboard; sourceTree = "<group>"; };
		28FF1586221FE997002D3C55 /* Info.plist */ = {isa = PBXFileReference; lastKnownFileType = text.plist.xml; path = Info.plist; sourceTree = "<group>"; };
		28FF1587221FE997002D3C55 /* main.m */ = {isa = PBXFileReference; lastKnownFileType = sourcecode.c.objc; path = main.m; sourceTree = "<group>"; };
		28FF158E221FF91E002D3C55 /* Person.h */ = {isa = PBXFileReference; lastKnownFileType = sourcecode.c.h; path = Person.h; sourceTree = "<group>"; };
		28FF158F221FF91E002D3C55 /* Person.m */ = {isa = PBXFileReference; lastKnownFileType = sourcecode.c.objc; path = Person.m; sourceTree = "<group>"; };
/* End PBXFileReference section */

/* Begin PBXFrameworksBuildPhase section */
		28FF1572221FE992002D3C55 /* Frameworks */ = {
			isa = PBXFrameworksBuildPhase;
			buildActionMask = 2147483647;
			files = (
			);
			runOnlyForDeploymentPostprocessing = 0;
		};
/* End PBXFrameworksBuildPhase section */

/* Begin PBXGroup section */
		28FF156C221FE992002D3C55 = {
			isa = PBXGroup;
			children = (
				28FF1577221FE992002D3C55 /* objc_repetition */,
				28FF1576221FE992002D3C55 /* Products */,
			);
			sourceTree = "<group>";
		};
		28FF1576221FE992002D3C55 /* Products */ = {
			isa = PBXGroup;
			children = (
				28FF1575221FE992002D3C55 /* objc_repetition.app */,
			);
			name = Products;
			sourceTree = "<group>";
		};
		28FF1577221FE992002D3C55 /* objc_repetition */ = {
			isa = PBXGroup;
			children = (
				28FF1578221FE992002D3C55 /* AppDelegate.h */,
				28FF1579221FE992002D3C55 /* AppDelegate.m */,
				28FF157B221FE992002D3C55 /* ViewController.h */,
				28FF157C221FE992002D3C55 /* ViewController.m */,
				28FF158E221FF91E002D3C55 /* Person.h */,
				28FF158F221FF91E002D3C55 /* Person.m */,
				28FF157E221FE992002D3C55 /* Main.storyboard */,
				28FF1581221FE997002D3C55 /* Assets.xcassets */,
				28FF1583221FE997002D3C55 /* LaunchScreen.storyboard */,
				28FF1586221FE997002D3C55 /* Info.plist */,
				28FF1587221FE997002D3C55 /* main.m */,
			);
			path = objc_repetition;
			sourceTree = "<group>";
		};
/* End PBXGroup section */

/* Begin PBXNativeTarget section */
		28FF1574221FE992002D3C55 /* objc_repetition */ = {
			isa = PBXNativeTarget;
			buildConfigurationList = 28FF158B221FE997002D3C55 /* Build configuration list for PBXNativeTarget "objc_repetition" */;
			buildPhases = (
				28FF1571221FE992002D3C55 /* Sources */,
				28FF1572221FE992002D3C55 /* Frameworks */,
				28FF1573221FE992002D3C55 /* Resources */,
			);
			buildRules = (
			);
			dependencies = (
			);
			name = objc_repetition;
			productName = objc_repetition;
			productReference = 28FF1575221FE992002D3C55 /* objc_repetition.app */;
			productType = "com.apple.product-type.application";
		};
/* End PBXNativeTarget section */

/* Begin PBXProject section */
		28FF156D221FE992002D3C55 /* Project object */ = {
			isa = PBXProject;
			attributes = {
				LastUpgradeCheck = 0940;
				ORGANIZATIONNAME = "The App Factory AB";
				TargetAttributes = {
					28FF1574221FE992002D3C55 = {
						CreatedOnToolsVersion = 9.4.1;
					};
				};
			};
			buildConfigurationList = 28FF1570221FE992002D3C55 /* Build configuration list for PBXProject "objc_repetition" */;
			compatibilityVersion = "Xcode 9.3";
			developmentRegion = en;
			hasScannedForEncodings = 0;
			knownRegions = (
				en,
				Base,
			);
			mainGroup = 28FF156C221FE992002D3C55;
			productRefGroup = 28FF1576221FE992002D3C55 /* Products */;
			projectDirPath = "";
			projectRoot = "";
			targets = (
				28FF1574221FE992002D3C55 /* objc_repetition */,
			);
		};
/* End PBXProject section */

/* Begin PBXResourcesBuildPhase section */
		28FF1573221FE992002D3C55 /* Resources */ = {
			isa = PBXResourcesBuildPhase;
			buildActionMask = 2147483647;
			files = (
				28FF1585221FE997002D3C55 /* LaunchScreen.storyboard in Resources */,
				28FF1582221FE997002D3C55 /* Assets.xcassets in Resources */,
				28FF1580221FE992002D3C55 /* Main.storyboard in Resources */,
			);
			runOnlyForDeploymentPostprocessing = 0;
		};
/* End PBXResourcesBuildPhase section */

/* Begin PBXSourcesBuildPhase section */
		28FF1571221FE992002D3C55 /* Sources */ = {
			isa = PBXSourcesBuildPhase;
			buildActionMask = 2147483647;
			files = (
				28FF157D221FE992002D3C55 /* ViewController.m in Sources */,
				28FF1588221FE997002D3C55 /* main.m in Sources */,
				28FF1590221FF91E002D3C55 /* Person.m in Sources */,
				28FF157A221FE992002D3C55 /* AppDelegate.m in Sources */,
			);
			runOnlyForDeploymentPostprocessing = 0;
		};
/* End PBXSourcesBuildPhase section */

/* Begin PBXVariantGroup section */
		28FF157E221FE992002D3C55 /* Main.storyboard */ = {
			isa = PBXVariantGroup;
			children = (
				28FF157F221FE992002D3C55 /* Base */,
			);
			name = Main.storyboard;
			sourceTree = "<group>";
		};
		28FF1583221FE997002D3C55 /* LaunchScreen.storyboard */ = {
			isa = PBXVariantGroup;
			children = (
				28FF1584221FE997002D3C55 /* Base */,
			);
			name = LaunchScreen.storyboard;
			sourceTree = "<group>";
		};
/* End PBXVariantGroup section */

/* Begin XCBuildConfiguration section */
		28FF1589221FE997002D3C55 /* Debug */ = {
			isa = XCBuildConfiguration;
			buildSettings = {
				ALWAYS_SEARCH_USER_PATHS = NO;
				CLANG_ANALYZER_NONNULL = YES;
				CLANG_ANALYZER_NUMBER_OBJECT_CONVERSION = YES_AGGRESSIVE;
				CLANG_CXX_LANGUAGE_STANDARD = "gnu++14";
				CLANG_CXX_LIBRARY = "libc++";
				CLANG_ENABLE_MODULES = YES;
				CLANG_ENABLE_OBJC_ARC = YES;
				CLANG_ENABLE_OBJC_WEAK = YES;
				CLANG_WARN_BLOCK_CAPTURE_AUTORELEASING = YES;
				CLANG_WARN_BOOL_CONVERSION = YES;
				CLANG_WARN_COMMA = YES;
				CLANG_WARN_CONSTANT_CONVERSION = YES;
				CLANG_WARN_DEPRECATED_OBJC_IMPLEMENTATIONS = YES;
				CLANG_WARN_DIRECT_OBJC_ISA_USAGE = YES_ERROR;
				CLANG_WARN_DOCUMENTATION_COMMENTS = YES;
				CLANG_WARN_EMPTY_BODY = YES;
				CLANG_WARN_ENUM_CONVERSION = YES;
				CLANG_WARN_INFINITE_RECURSION = YES;
				CLANG_WARN_INT_CONVERSION = YES;
				CLANG_WARN_NON_LITERAL_NULL_CONVERSION = YES;
				CLANG_WARN_OBJC_IMPLICIT_RETAIN_SELF = YES;
				CLANG_WARN_OBJC_LITERAL_CONVERSION = YES;
				CLANG_WARN_OBJC_ROOT_CLASS = YES_ERROR;
				CLANG_WARN_RANGE_LOOP_ANALYSIS = YES;
				CLANG_WARN_STRICT_PROTOTYPES = YES;
				CLANG_WARN_SUSPICIOUS_MOVE = YES;
				CLANG_WARN_UNGUARDED_AVAILABILITY = YES_AGGRESSIVE;
				CLANG_WARN_UNREACHABLE_CODE = YES;
				CLANG_WARN__DUPLICATE_METHOD_MATCH = YES;
				CODE_SIGN_IDENTITY = "iPhone Developer";
				COPY_PHASE_STRIP = NO;
				DEBUG_INFORMATION_FORMAT = dwarf;
				ENABLE_STRICT_OBJC_MSGSEND = YES;
				ENABLE_TESTABILITY = YES;
				GCC_C_LANGUAGE_STANDARD = gnu11;
				GCC_DYNAMIC_NO_PIC = NO;
				GCC_NO_COMMON_BLOCKS = YES;
				GCC_OPTIMIZATION_LEVEL = 0;
				GCC_PREPROCESSOR_DEFINITIONS = (
					"DEBUG=1",
					"$(inherited)",
				);
				GCC_WARN_64_TO_32_BIT_CONVERSION = YES;
				GCC_WARN_ABOUT_RETURN_TYPE = YES_ERROR;
				GCC_WARN_UNDECLARED_SELECTOR = YES;
				GCC_WARN_UNINITIALIZED_AUTOS = YES_AGGRESSIVE;
				GCC_WARN_UNUSED_FUNCTION = YES;
				GCC_WARN_UNUSED_VARIABLE = YES;
				IPHONEOS_DEPLOYMENT_TARGET = 11.4;
				MTL_ENABLE_DEBUG_INFO = YES;
				ONLY_ACTIVE_ARCH = YES;
				SDKROOT = iphoneos;
			};
			name = Debug;
		};
		28FF158A221FE997002D3C55 /* Release */ = {
			isa = XCBuildConfiguration;
			buildSettings = {
				ALWAYS_SEARCH_USER_PATHS = NO;
				CLANG_ANALYZER_NONNULL = YES;
				CLANG_ANALYZER_NUMBER_OBJECT_CONVERSION = YES_AGGRESSIVE;
				CLANG_CXX_LANGUAGE_STANDARD = "gnu++14";
				CLANG_CXX_LIBRARY = "libc++";
				CLANG_ENABLE_MODULES = YES;
				CLANG_ENABLE_OBJC_ARC = YES;
				CLANG_ENABLE_OBJC_WEAK = YES;
				CLANG_WARN_BLOCK_CAPTURE_AUTORELEASING = YES;
				CLANG_WARN_BOOL_CONVERSION = YES;
				CLANG_WARN_COMMA = YES;
				CLANG_WARN_CONSTANT_CONVERSION = YES;
				CLANG_WARN_DEPRECATED_OBJC_IMPLEMENTATIONS = YES;
				CLANG_WARN_DIRECT_OBJC_ISA_USAGE = YES_ERROR;
				CLANG_WARN_DOCUMENTATION_COMMENTS = YES;
				CLANG_WARN_EMPTY_BODY = YES;
				CLANG_WARN_ENUM_CONVERSION = YES;
				CLANG_WARN_INFINITE_RECURSION = YES;
				CLANG_WARN_INT_CONVERSION = YES;
				CLANG_WARN_NON_LITERAL_NULL_CONVERSION = YES;
				CLANG_WARN_OBJC_IMPLICIT_RETAIN_SELF = YES;
				CLANG_WARN_OBJC_LITERAL_CONVERSION = YES;
				CLANG_WARN_OBJC_ROOT_CLASS = YES_ERROR;
				CLANG_WARN_RANGE_LOOP_ANALYSIS = YES;
				CLANG_WARN_STRICT_PROTOTYPES = YES;
				CLANG_WARN_SUSPICIOUS_MOVE = YES;
				CLANG_WARN_UNGUARDED_AVAILABILITY = YES_AGGRESSIVE;
				CLANG_WARN_UNREACHABLE_CODE = YES;
				CLANG_WARN__DUPLICATE_METHOD_MATCH = YES;
				CODE_SIGN_IDENTITY = "iPhone Developer";
				COPY_PHASE_STRIP = NO;
				DEBUG_INFORMATION_FORMAT = "dwarf-with-dsym";
				ENABLE_NS_ASSERTIONS = NO;
				ENABLE_STRICT_OBJC_MSGSEND = YES;
				GCC_C_LANGUAGE_STANDARD = gnu11;
				GCC_NO_COMMON_BLOCKS = YES;
				GCC_WARN_64_TO_32_BIT_CONVERSION = YES;
				GCC_WARN_ABOUT_RETURN_TYPE = YES_ERROR;
				GCC_WARN_UNDECLARED_SELECTOR = YES;
				GCC_WARN_UNINITIALIZED_AUTOS = YES_AGGRESSIVE;
				GCC_WARN_UNUSED_FUNCTION = YES;
				GCC_WARN_UNUSED_VARIABLE = YES;
				IPHONEOS_DEPLOYMENT_TARGET = 11.4;
				MTL_ENABLE_DEBUG_INFO = NO;
				SDKROOT = iphoneos;
				VALIDATE_PRODUCT = YES;
			};
			name = Release;
		};
		28FF158C221FE997002D3C55 /* Debug */ = {
			isa = XCBuildConfiguration;
			buildSettings = {
				ASSETCATALOG_COMPILER_APPICON_NAME = AppIcon;
				CODE_SIGN_STYLE = Automatic;
				DEVELOPMENT_TEAM = 98E76C6VVS;
				INFOPLIST_FILE = objc_repetition/Info.plist;
				IPHONEOS_DEPLOYMENT_TARGET = 10.0;
				LD_RUNPATH_SEARCH_PATHS = (
					"$(inherited)",
					"@executable_path/Frameworks",
				);
				PRODUCT_BUNDLE_IDENTIFIER = "se.theappfactory.objc-repetition";
				PRODUCT_NAME = "$(TARGET_NAME)";
				TARGETED_DEVICE_FAMILY = "1,2";
			};
			name = Debug;
		};
		28FF158D221FE997002D3C55 /* Release */ = {
			isa = XCBuildConfiguration;
			buildSettings = {
				ASSETCATALOG_COMPILER_APPICON_NAME = AppIcon;
				CODE_SIGN_STYLE = Automatic;
				DEVELOPMENT_TEAM = 98E76C6VVS;
				INFOPLIST_FILE = objc_repetition/Info.plist;
				IPHONEOS_DEPLOYMENT_TARGET = 10.0;
				LD_RUNPATH_SEARCH_PATHS = (
					"$(inherited)",
					"@executable_path/Frameworks",
				);
				PRODUCT_BUNDLE_IDENTIFIER = "se.theappfactory.objc-repetition";
				PRODUCT_NAME = "$(TARGET_NAME)";
				TARGETED_DEVICE_FAMILY = "1,2";
			};
			name = Release;
		};
/* End XCBuildConfiguration section */

/* Begin XCConfigurationList section */
		28FF1570221FE992002D3C55 /* Build configuration list for PBXProject "objc_repetition" */ = {
			isa = XCConfigurationList;
			buildConfigurations = (
				28FF1589221FE997002D3C55 /* Debug */,
				28FF158A221FE997002D3C55 /* Release */,
			);
			defaultConfigurationIsVisible = 0;
			defaultConfigurationName = Release;
		};
		28FF158B221FE997002D3C55 /* Build configuration list for PBXNativeTarget "objc_repetition" */ = {
			isa = XCConfigurationList;
			buildConfigurations = (
				28FF158C221FE997002D3C55 /* Debug */,
				28FF158D221FE997002D3C55 /* Release */,
			);
			defaultConfigurationIsVisible = 0;
			defaultConfigurationName = Release;
		};
/* End XCConfigurationList section */
	};
	rootObject = 28FF156D221FE992002D3C55 /* Project object */;
}
